{
  "pid": 12095,
  "version": "2.1.204",
  "jsonPath": "/Users/fronk/.claude/daemon.json",
  "logPath": "/Users/fronk/.claude/daemon.log",
  "startedAt": 1786672875404,
  "origin": "transient",
  "spawnedBy": {
    "label": "claude",
    "cwd": "/Users/fronk/Documents/github/inventory-tracker",
    "pid": 80417
  },
  "procStart": "Fri Aug 14 02:01:15 2026",
  "launchTarget": "/opt/homebrew/Caskroom/claude-code@latest/2.1.204/claude"
}